// !$*UTF8*$!
{
	archiveVersion = 1;
	classes = {
	};
	objectVersion = 48;
	objects = {

/* Begin PBXBuildFile section */
		FF0283C41FBB7758003C1AF1 /* AppDelegate.swift in Sources */ = {isa = PBXBuildFile; fileRef = FF0283C31FBB7758003C1AF1 /* AppDelegate.swift */; };
		FF0283C61FBB7758003C1AF1 /* ViewController.swift in Sources */ = {isa = PBXBuildFile; fileRef = FF0283C51FBB7758003C1AF1 /* ViewController.swift */; };
		FF0283C91FBB7758003C1AF1 /* Main.storyboard in Resources */ = {isa = PBXBuildFile; fileRef = FF0283C71FBB7758003C1AF1 /* Main.storyboard */; };
		FF0283CB1FBB7758003C1AF1 /* Assets.xcassets in Resources */ = {isa = PBXBuildFile; fileRef = FF0283CA1FBB7758003C1AF1 /* Assets.xcassets */; };
		FF0283CE1FBB7758003C1AF1 /* LaunchScreen.storyboard in Resources */ = {isa = PBXBuildFile; fileRef = FF0283CC1FBB7758003C1AF1 /* LaunchScreen.storyboard */; };
		FF6CC4961FBB838300178B94 /* Ball.scn in Resources */ = {isa = PBXBuildFile; fileRef = FF6CC4951FBB838300178B94 /* Ball.scn */; };
/* End PBXBuildFile section */

/* Begin PBXFileReference section */
		FF0283C01FBB7758003C1AF1 /* Hoops.app */ = {isa = PBXFileReference; explicitFileType = wrapper.application; includeInIndex = 0; path = Hoops.app; sourceTree = BUILT_PRODUCTS_DIR; };
		FF0283C31FBB7758003C1AF1 /* AppDelegate.swift */ = {isa = PBXFileReference; lastKnownFileType = sourcecode.swift; path = AppDelegate.swift; sourceTree = "<group>"; };
		FF0283C51FBB7758003C1AF1 /* ViewController.swift */ = {isa = PBXFileReference; lastKnownFileType = sourcecode.swift; path = ViewController.swift; sourceTree = "<group>"; };
		FF0283C81FBB7758003C1AF1 /* Base */ = {isa = PBXFileReference; lastKnownFileType = file.storyboard; name = Base; path = Base.lproj/Main.storyboard; sourceTree = "<group>"; };
		FF0283CA1FBB7758003C1AF1 /* Assets.xcassets */ = {isa = PBXFileReference; lastKnownFileType = folder.assetcatalog; path = Assets.xcassets; sourceTree = "<group>"; };
		FF0283CD1FBB7758003C1AF1 /* Base */ = {isa = PBXFileReference; lastKnownFileType = file.storyboard; name = Base; path = Base.lproj/LaunchScreen.storyboard; sourceTree = "<group>"; };
		FF0283CF1FBB7758003C1AF1 /* Info.plist */ = {isa = PBXFileReference; lastKnownFileType = text.plist.xml; path = Info.plist; sourceTree = "<group>"; };
		FF6CC4951FBB838300178B94 /* Ball.scn */ = {isa = PBXFileReference; lastKnownFileType = file.bplist; path = Ball.scn; sourceTree = "<group>"; };
/* End PBXFileReference section */

/* Begin PBXFrameworksBuildPhase section */
		FF0283BD1FBB7758003C1AF1 /* Frameworks */ = {
			isa = PBXFrameworksBuildPhase;
			buildActionMask = 2147483647;
			files = (
			);
			runOnlyForDeploymentPostprocessing = 0;
		};
/* End PBXFrameworksBuildPhase section */

/* Begin PBXGroup section */
		FF0283B71FBB7758003C1AF1 = {
			isa = PBXGroup;
			children = (
				FF0283C21FBB7758003C1AF1 /* Hoops */,
				FF0283C11FBB7758003C1AF1 /* Products */,
			);
			sourceTree = "<group>";
		};
		FF0283C11FBB7758003C1AF1 /* Products */ = {
			isa = PBXGroup;
			children = (
				FF0283C01FBB7758003C1AF1 /* Hoops.app */,
			);
			name = Products;
			sourceTree = "<group>";
		};
		FF0283C21FBB7758003C1AF1 /* Hoops */ = {
			isa = PBXGroup;
			children = (
				FF0283C31FBB7758003C1AF1 /* AppDelegate.swift */,
				FF0283C51FBB7758003C1AF1 /* ViewController.swift */,
				FF0283C71FBB7758003C1AF1 /* Main.storyboard */,
				FF0283CA1FBB7758003C1AF1 /* Assets.xcassets */,
				FF0283CC1FBB7758003C1AF1 /* LaunchScreen.storyboard */,
				FF0283CF1FBB7758003C1AF1 /* Info.plist */,
				FF6CC4951FBB838300178B94 /* Ball.scn */,
			);
			path = Hoops;
			sourceTree = "<group>";
		};
/* End PBXGroup section */

/* Begin PBXNativeTarget section */
		FF0283BF1FBB7758003C1AF1 /* Hoops */ = {
			isa = PBXNativeTarget;
			buildConfigurationList = FF0283D21FBB7758003C1AF1 /* Build configuration list for PBXNativeTarget "Hoops" */;
			buildPhases = (
				FF0283BC1FBB7758003C1AF1 /* Sources */,
				FF0283BD1FBB7758003C1AF1 /* Frameworks */,
				FF0283BE1FBB7758003C1AF1 /* Resources */,
			);
			buildRules = (
			);
			dependencies = (
			);
			name = Hoops;
			productName = Hoops;
			productReference = FF0283C01FBB7758003C1AF1 /* Hoops.app */;
			productType = "com.apple.product-type.application";
		};
/* End PBXNativeTarget section */

/* Begin PBXProject section */
		FF0283B81FBB7758003C1AF1 /* Project object */ = {
			isa = PBXProject;
			attributes = {
				LastSwiftUpdateCheck = 0910;
				LastUpgradeCheck = 0910;
				ORGANIZATIONNAME = "ronald sonnie gondwe";
				TargetAttributes = {
					FF0283BF1FBB7758003C1AF1 = {
						CreatedOnToolsVersion = 9.1;
						ProvisioningStyle = Automatic;
					};
				};
			};
			buildConfigurationList = FF0283BB1FBB7758003C1AF1 /* Build configuration list for PBXProject "Hoops" */;
			compatibilityVersion = "Xcode 8.0";
			developmentRegion = en;
			hasScannedForEncodings = 0;
			knownRegions = (
				en,
				Base,
			);
			mainGroup = FF0283B71FBB7758003C1AF1;
			productRefGroup = FF0283C11FBB7758003C1AF1 /* Products */;
			projectDirPath = "";
			projectRoot = "";
			targets = (
				FF0283BF1FBB7758003C1AF1 /* Hoops */,
			);
		};
/* End PBXProject section */

/* Begin PBXResourcesBuildPhase section */
		FF0283BE1FBB7758003C1AF1 /* Resources */ = {
			isa = PBXResourcesBuildPhase;
			buildActionMask = 2147483647;
			files = (
				FF6CC4961FBB838300178B94 /* Ball.scn in Resources */,
				FF0283CE1FBB7758003C1AF1 /* LaunchScreen.storyboard in Resources */,
				FF0283CB1FBB7758003C1AF1 /* Assets.xcassets in Resources */,
				FF0283C91FBB7758003C1AF1 /* Main.storyboard in Resources */,
			);
			runOnlyForDeploymentPostprocessing = 0;
		};
/* End PBXResourcesBuildPhase section */

/* Begin PBXSourcesBuildPhase section */
		FF0283BC1FBB7758003C1AF1 /* Sources */ = {
			isa = PBXSourcesBuildPhase;
			buildActionMask = 2147483647;
			files = (
				FF0283C61FBB7758003C1AF1 /* ViewController.swift in Sources */,
				FF0283C41FBB7758003C1AF1 /* AppDelegate.swift in Sources */,
			);
			runOnlyForDeploymentPostprocessing = 0;
		};
/* End PBXSourcesBuildPhase section */

/* Begin PBXVariantGroup section */
		FF0283C71FBB7758003C1AF1 /* Main.storyboard */ = {
			isa = PBXVariantGroup;
			children = (
				FF0283C81FBB7758003C1AF1 /* Base */,
			);
			name = Main.storyboard;
			sourceTree = "<group>";
		};
		FF0283CC1FBB7758003C1AF1 /* LaunchScreen.storyboard */ = {
			isa = PBXVariantGroup;
			children = (
				FF0283CD1FBB7758003C1AF1 /* Base */,
			);
			name = LaunchScreen.storyboard;
			sourceTree = "<group>";
		};
/* End PBXVariantGroup section */

/* Begin XCBuildConfiguration section */
		FF0283D01FBB7758003C1AF1 /* Debug */ = {
			isa = XCBuildConfiguration;
			buildSettings = {
				ALWAYS_SEARCH_USER_PATHS = NO;
				CLANG_ANALYZER_NONNULL = YES;
				CLANG_ANALYZER_NUMBER_OBJECT_CONVERSION = YES_AGGRESSIVE;
				CLANG_CXX_LANGUAGE_STANDARD = "gnu++14";
				CLANG_CXX_LIBRARY = "libc++";
				CLANG_ENABLE_MODULES = YES;
				CLANG_ENABLE_OBJC_ARC = YES;
				CLANG_WARN_BLOCK_CAPTURE_AUTORELEASING = YES;
				CLANG_WARN_BOOL_CONVERSION = YES;
				CLANG_WARN_COMMA = YES;
				CLANG_WARN_CONSTANT_CONVERSION = YES;
				CLANG_WARN_DIRECT_OBJC_ISA_USAGE = YES_ERROR;
				CLANG_WARN_DOCUMENTATION_COMMENTS = YES;
				CLANG_WARN_EMPTY_BODY = YES;
				CLANG_WARN_ENUM_CONVERSION = YES;
				CLANG_WARN_INFINITE_RECURSION = YES;
				CLANG_WARN_INT_CONVERSION = YES;
				CLANG_WARN_NON_LITERAL_NULL_CONVERSION = YES;
				CLANG_WARN_OBJC_LITERAL_CONVERSION = YES;
				CLANG_WARN_OBJC_ROOT_CLASS = YES_ERROR;
				CLANG_WARN_RANGE_LOOP_ANALYSIS = YES;
				CLANG_WARN_STRICT_PROTOTYPES = YES;
				CLANG_WARN_SUSPICIOUS_MOVE = YES;
				CLANG_WARN_UNGUARDED_AVAILABILITY = YES_AGGRESSIVE;
				CLANG_WARN_UNREACHABLE_CODE = YES;
				CLANG_WARN__DUPLICATE_METHOD_MATCH = YES;
				CODE_SIGN_IDENTITY = "iPhone Developer";
				COPY_PHASE_STRIP = NO;
				DEBUG_INFORMATION_FORMAT = dwarf;
				ENABLE_STRICT_OBJC_MSGSEND = YES;
				ENABLE_TESTABILITY = YES;
				GCC_C_LANGUAGE_STANDARD = gnu11;
				GCC_DYNAMIC_NO_PIC = NO;
				GCC_NO_COMMON_BLOCKS = YES;
				GCC_OPTIMIZATION_LEVEL = 0;
				GCC_PREPROCESSOR_DEFINITIONS = (
					"DEBUG=1",
					"$(inherited)",
				);
				GCC_WARN_64_TO_32_BIT_CONVERSION = YES;
				GCC_WARN_ABOUT_RETURN_TYPE = YES_ERROR;
				GCC_WARN_UNDECLARED_SELECTOR = YES;
				GCC_WARN_UNINITIALIZED_AUTOS = YES_AGGRESSIVE;
				GCC_WARN_UNUSED_FUNCTION = YES;
				GCC_WARN_UNUSED_VARIABLE = YES;
				IPHONEOS_DEPLOYMENT_TARGET = 11.1;
				MTL_ENABLE_DEBUG_INFO = YES;
				ONLY_ACTIVE_ARCH = YES;
				SDKROOT = iphoneos;
				SWIFT_ACTIVE_COMPILATION_CONDITIONS = DEBUG;
				SWIFT_OPTIMIZATION_LEVEL = "-Onone";
			};
			name = Debug;
		};
		FF0283D11FBB7758003C1AF1 /* Release */ = {
			isa = XCBuildConfiguration;
			buildSettings = {
				ALWAYS_SEARCH_USER_PATHS = NO;
				CLANG_ANALYZER_NONNULL = YES;
				CLANG_ANALYZER_NUMBER_OBJECT_CONVERSION = YES_AGGRESSIVE;
				CLANG_CXX_LANGUAGE_STANDARD = "gnu++14";
				CLANG_CXX_LIBRARY = "libc++";
				CLANG_ENABLE_MODULES = YES;
				CLANG_ENABLE_OBJC_ARC = YES;
				CLANG_WARN_BLOCK_CAPTURE_AUTORELEASING = YES;
				CLANG_WARN_BOOL_CONVERSION = YES;
				CLANG_WARN_COMMA = YES;
				CLANG_WARN_CONSTANT_CONVERSION = YES;
				CLANG_WARN_DIRECT_OBJC_ISA_USAGE = YES_ERROR;
				CLANG_WARN_DOCUMENTATION_COMMENTS = YES;
				CLANG_WARN_EMPTY_BODY = YES;
				CLANG_WARN_ENUM_CONVERSION = YES;
				CLANG_WARN_INFINITE_RECURSION = YES;
				CLANG_WARN_INT_CONVERSION = YES;
				CLANG_WARN_NON_LITERAL_NULL_CONVERSION = YES;
				CLANG_WARN_OBJC_LITERAL_CONVERSION = YES;
				CLANG_WARN_OBJC_ROOT_CLASS = YES_ERROR;
				CLANG_WARN_RANGE_LOOP_ANALYSIS = YES;
				CLANG_WARN_STRICT_PROTOTYPES = YES;
				CLANG_WARN_SUSPICIOUS_MOVE = YES;
				CLANG_WARN_UNGUARDED_AVAILABILITY = YES_AGGRESSIVE;
				CLANG_WARN_UNREACHABLE_CODE = YES;
				CLANG_WARN__DUPLICATE_METHOD_MATCH = YES;
				CODE_SIGN_IDENTITY = "iPhone Developer";
				COPY_PHASE_STRIP = NO;
				DEBUG_INFORMATION_FORMAT = "dwarf-with-dsym";
				ENABLE_NS_ASSERTIONS = NO;
				ENABLE_STRICT_OBJC_MSGSEND = YES;
				GCC_C_LANGUAGE_STANDARD = gnu11;
				GCC_NO_COMMON_BLOCKS = YES;
				GCC_WARN_64_TO_32_BIT_CONVERSION = YES;
				GCC_WARN_ABOUT_RETURN_TYPE = YES_ERROR;
				GCC_WARN_UNDECLARED_SELECTOR = YES;
				GCC_WARN_UNINITIALIZED_AUTOS = YES_AGGRESSIVE;
				GCC_WARN_UNUSED_FUNCTION = YES;
				GCC_WARN_UNUSED_VARIABLE = YES;
				IPHONEOS_DEPLOYMENT_TARGET = 11.1;
				MTL_ENABLE_DEBUG_INFO = NO;
				SDKROOT = iphoneos;
				SWIFT_OPTIMIZATION_LEVEL = "-Owholemodule";
				VALIDATE_PRODUCT = YES;
			};
			name = Release;
		};
		FF0283D31FBB7758003C1AF1 /* Debug */ = {
			isa = XCBuildConfiguration;
			buildSettings = {
				ASSETCATALOG_COMPILER_APPICON_NAME = AppIcon;
				CODE_SIGN_STYLE = Automatic;
				DEVELOPMENT_TEAM = WSU3D2QWT3;
				INFOPLIST_FILE = Hoops/Info.plist;
				LD_RUNPATH_SEARCH_PATHS = "$(inherited) @executable_path/Frameworks";
				PRODUCT_BUNDLE_IDENTIFIER = com.sonnieronaldgondwe.Hoops;
				PRODUCT_NAME = "$(TARGET_NAME)";
				SWIFT_VERSION = 4.0;
				TARGETED_DEVICE_FAMILY = "1,2";
			};
			name = Debug;
		};
		FF0283D41FBB7758003C1AF1 /* Release */ = {
			isa = XCBuildConfiguration;
			buildSettings = {
				ASSETCATALOG_COMPILER_APPICON_NAME = AppIcon;
				CODE_SIGN_STYLE = Automatic;
				DEVELOPMENT_TEAM = WSU3D2QWT3;
				INFOPLIST_FILE = Hoops/Info.plist;
				LD_RUNPATH_SEARCH_PATHS = "$(inherited) @executable_path/Frameworks";
				PRODUCT_BUNDLE_IDENTIFIER = com.sonnieronaldgondwe.Hoops;
				PRODUCT_NAME = "$(TARGET_NAME)";
				SWIFT_VERSION = 4.0;
				TARGETED_DEVICE_FAMILY = "1,2";
			};
			name = Release;
		};
/* End XCBuildConfiguration section */

/* Begin XCConfigurationList section */
		FF0283BB1FBB7758003C1AF1 /* Build configuration list for PBXProject "Hoops" */ = {
			isa = XCConfigurationList;
			buildConfigurations = (
				FF0283D01FBB7758003C1AF1 /* Debug */,
				FF0283D11FBB7758003C1AF1 /* Release */,
			);
			defaultConfigurationIsVisible = 0;
			defaultConfigurationName = Release;
		};
		FF0283D21FBB7758003C1AF1 /* Build configuration list for PBXNativeTarget "Hoops" */ = {
			isa = XCConfigurationList;
			buildConfigurations = (
				FF0283D31FBB7758003C1AF1 /* Debug */,
				FF0283D41FBB7758003C1AF1 /* Release */,
			);
			defaultConfigurationIsVisible = 0;
			defaultConfigurationName = Release;
		};
/* End XCConfigurationList section */
	};
	rootObject = FF0283B81FBB7758003C1AF1 /* Project object */;
}
